
Microsoft Visual Studio Solution File, Format Version 12.00
# Visual Studio Version 16
VisualStudioVersion = 16.0.29920.165
MinimumVisualStudioVersion = 15.0.26124.0
Project("{9A19103F-16F7-4668-BE54-9A1E7A4F7556}") = "GSIcore", "GSIcore\GSIcore.csproj", "{7D5ADD28-E925-45DB-B911-1E6B2D5CE70A}"
EndProject
Project("{9A19103F-16F7-4668-BE54-9A1E7A4F7556}") = "GSItest", "GSItest\GSItest.csproj", "{0D32D9BA-B66C-4F75-B7CA-01AC5F67A543}"
EndProject
Project("{9A19103F-16F7-4668-BE54-9A1E7A4F7556}") = "GSIui", "GSIui\GSIui.csproj", "{E55D5B79-1144-4AF1-9FDE-603EA09665E4}"
EndProject
Project("{C7167F0D-BC9F-4E6E-AFE1-012C56B48DB5}") = "GSIPackage", "GSIPackage\GSIPackage.wapproj", "{89937D43-BA0B-47EE-BCAA-EFD767D8267E}"
EndProject
Project("{2150E333-8FDC-42A3-9474-1A3956D46DE8}") = "Solution Items", "Solution Items", "{ED8F6B0B-2486-400D-A021-A89F522E583C}"
	ProjectSection(SolutionItems) = preProject
		README.md = README.md
	EndProjectSection
EndProject
Global
	GlobalSection(SolutionConfigurationPlatforms) = preSolution
		Debug|Any CPU = Debug|Any CPU
		Debug|ARM = Debug|ARM
		Debug|ARM64 = Debug|ARM64
		Debug|x64 = Debug|x64
		Debug|x86 = Debug|x86
		Release|Any CPU = Release|Any CPU
		Release|ARM = Release|ARM
		Release|ARM64 = Release|ARM64
		Release|x64 = Release|x64
		Release|x86 = Release|x86
	EndGlobalSection
	GlobalSection(ProjectConfigurationPlatforms) = postSolution
		{7D5ADD28-E925-45DB-B911-1E6B2D5CE70A}.Debug|Any CPU.ActiveCfg = Debug|Any CPU
		{7D5ADD28-E925-45DB-B911-1E6B2D5CE70A}.Debug|Any CPU.Build.0 = Debug|Any CPU
		{7D5ADD28-E925-45DB-B911-1E6B2D5CE70A}.Debug|ARM.ActiveCfg = Debug|Any CPU
		{7D5ADD28-E925-45DB-B911-1E6B2D5CE70A}.Debug|ARM.Build.0 = Debug|Any CPU
		{7D5ADD28-E925-45DB-B911-1E6B2D5CE70A}.Debug|ARM64.ActiveCfg = Debug|Any CPU
		{7D5ADD28-E925-45DB-B911-1E6B2D5CE70A}.Debug|ARM64.Build.0 = Debug|Any CPU
		{7D5ADD28-E925-45DB-B911-1E6B2D5CE70A}.Debug|x64.ActiveCfg = Debug|Any CPU
		{7D5ADD28-E925-45DB-B911-1E6B2D5CE70A}.Debug|x64.Build.0 = Debug|Any CPU
		{7D5ADD28-E925-45DB-B911-1E6B2D5CE70A}.Debug|x86.ActiveCfg = Debug|Any CPU
		{7D5ADD28-E925-45DB-B911-1E6B2D5CE70A}.Debug|x86.Build.0 = Debug|Any CPU
		{7D5ADD28-E925-45DB-B911-1E6B2D5CE70A}.Release|Any CPU.ActiveCfg = Release|Any CPU
		{7D5ADD28-E925-45DB-B911-1E6B2D5CE70A}.Release|Any CPU.Build.0 = Release|Any CPU
		{7D5ADD28-E925-45DB-B911-1E6B2D5CE70A}.Release|ARM.ActiveCfg = Release|Any CPU
		{7D5ADD28-E925-45DB-B911-1E6B2D5CE70A}.Release|ARM.Build.0 = Release|Any CPU
		{7D5ADD28-E925-45DB-B911-1E6B2D5CE70A}.Release|ARM64.ActiveCfg = Release|Any CPU
		{7D5ADD28-E925-45DB-B911-1E6B2D5CE70A}.Release|ARM64.Build.0 = Release|Any CPU
		{7D5ADD28-E925-45DB-B911-1E6B2D5CE70A}.Release|x64.ActiveCfg = Release|Any CPU
		{7D5ADD28-E925-45DB-B911-1E6B2D5CE70A}.Release|x64.Build.0 = Release|Any CPU
		{7D5ADD28-E925-45DB-B911-1E6B2D5CE70A}.Release|x86.ActiveCfg = Release|x86
		{7D5ADD28-E925-45DB-B911-1E6B2D5CE70A}.Release|x86.Build.0 = Release|x86
		{0D32D9BA-B66C-4F75-B7CA-01AC5F67A543}.Debug|Any CPU.ActiveCfg = Debug|Any CPU
		{0D32D9BA-B66C-4F75-B7CA-01AC5F67A543}.Debug|Any CPU.Build.0 = Debug|Any CPU
		{0D32D9BA-B66C-4F75-B7CA-01AC5F67A543}.Debug|ARM.ActiveCfg = Debug|Any CPU
		{0D32D9BA-B66C-4F75-B7CA-01AC5F67A543}.Debug|ARM.Build.0 = Debug|Any CPU
		{0D32D9BA-B66C-4F75-B7CA-01AC5F67A543}.Debug|ARM64.ActiveCfg = Debug|Any CPU
		{0D32D9BA-B66C-4F75-B7CA-01AC5F67A543}.Debug|ARM64.Build.0 = Debug|Any CPU
		{0D32D9BA-B66C-4F75-B7CA-01AC5F67A543}.Debug|x64.ActiveCfg = Debug|Any CPU
		{0D32D9BA-B66C-4F75-B7CA-01AC5F67A543}.Debug|x64.Build.0 = Debug|Any CPU
		{0D32D9BA-B66C-4F75-B7CA-01AC5F67A543}.Debug|x86.ActiveCfg = Debug|Any CPU
		{0D32D9BA-B66C-4F75-B7CA-01AC5F67A543}.Debug|x86.Build.0 = Debug|Any CPU
		{0D32D9BA-B66C-4F75-B7CA-01AC5F67A543}.Release|Any CPU.ActiveCfg = Release|Any CPU
		{0D32D9BA-B66C-4F75-B7CA-01AC5F67A543}.Release|Any CPU.Build.0 = Release|Any CPU
		{0D32D9BA-B66C-4F75-B7CA-01AC5F67A543}.Release|ARM.ActiveCfg = Release|Any CPU
		{0D32D9BA-B66C-4F75-B7CA-01AC5F67A543}.Release|ARM.Build.0 = Release|Any CPU
		{0D32D9BA-B66C-4F75-B7CA-01AC5F67A543}.Release|ARM64.ActiveCfg = Release|Any CPU
		{0D32D9BA-B66C-4F75-B7CA-01AC5F67A543}.Release|ARM64.Build.0 = Release|Any CPU
		{0D32D9BA-B66C-4F75-B7CA-01AC5F67A543}.Release|x64.ActiveCfg = Release|Any CPU
		{0D32D9BA-B66C-4F75-B7CA-01AC5F67A543}.Release|x64.Build.0 = Release|Any CPU
		{0D32D9BA-B66C-4F75-B7CA-01AC5F67A543}.Release|x86.ActiveCfg = Release|x86
		{0D32D9BA-B66C-4F75-B7CA-01AC5F67A543}.Release|x86.Build.0 = Release|x86
		{E55D5B79-1144-4AF1-9FDE-603EA09665E4}.Debug|Any CPU.ActiveCfg = Debug|Any CPU
		{E55D5B79-1144-4AF1-9FDE-603EA09665E4}.Debug|Any CPU.Build.0 = Debug|Any CPU
		{E55D5B79-1144-4AF1-9FDE-603EA09665E4}.Debug|ARM.ActiveCfg = Debug|Any CPU
		{E55D5B79-1144-4AF1-9FDE-603EA09665E4}.Debug|ARM.Build.0 = Debug|Any CPU
		{E55D5B79-1144-4AF1-9FDE-603EA09665E4}.Debug|ARM64.ActiveCfg = Debug|Any CPU
		{E55D5B79-1144-4AF1-9FDE-603EA09665E4}.Debug|ARM64.Build.0 = Debug|Any CPU
		{E55D5B79-1144-4AF1-9FDE-603EA09665E4}.Debug|x64.ActiveCfg = Debug|Any CPU
		{E55D5B79-1144-4AF1-9FDE-603EA09665E4}.Debug|x64.Build.0 = Debug|Any CPU
		{E55D5B79-1144-4AF1-9FDE-603EA09665E4}.Debug|x86.ActiveCfg = Debug|Any CPU
		{E55D5B79-1144-4AF1-9FDE-603EA09665E4}.Debug|x86.Build.0 = Debug|Any CPU
		{E55D5B79-1144-4AF1-9FDE-603EA09665E4}.Release|Any CPU.ActiveCfg = Release|Any CPU
		{E55D5B79-1144-4AF1-9FDE-603EA09665E4}.Release|Any CPU.Build.0 = Release|Any CPU
		{E55D5B79-1144-4AF1-9FDE-603EA09665E4}.Release|ARM.ActiveCfg = Release|Any CPU
		{E55D5B79-1144-4AF1-9FDE-603EA09665E4}.Release|ARM.Build.0 = Release|Any CPU
		{E55D5B79-1144-4AF1-9FDE-603EA09665E4}.Release|ARM64.ActiveCfg = Release|Any CPU
		{E55D5B79-1144-4AF1-9FDE-603EA09665E4}.Release|ARM64.Build.0 = Release|Any CPU
		{E55D5B79-1144-4AF1-9FDE-603EA09665E4}.Release|x64.ActiveCfg = Release|Any CPU
		{E55D5B79-1144-4AF1-9FDE-603EA09665E4}.Release|x64.Build.0 = Release|Any CPU
		{E55D5B79-1144-4AF1-9FDE-603EA09665E4}.Release|x86.ActiveCfg = Release|x86
		{E55D5B79-1144-4AF1-9FDE-603EA09665E4}.Release|x86.Build.0 = Release|x86
		{89937D43-BA0B-47EE-BCAA-EFD767D8267E}.Debug|Any CPU.ActiveCfg = Debug|Any CPU
		{89937D43-BA0B-47EE-BCAA-EFD767D8267E}.Debug|Any CPU.Build.0 = Debug|Any CPU
		{89937D43-BA0B-47EE-BCAA-EFD767D8267E}.Debug|Any CPU.Deploy.0 = Debug|Any CPU
		{89937D43-BA0B-47EE-BCAA-EFD767D8267E}.Debug|ARM.ActiveCfg = Debug|ARM
		{89937D43-BA0B-47EE-BCAA-EFD767D8267E}.Debug|ARM.Build.0 = Debug|ARM
		{89937D43-BA0B-47EE-BCAA-EFD767D8267E}.Debug|ARM.Deploy.0 = Debug|ARM
		{89937D43-BA0B-47EE-BCAA-EFD767D8267E}.Debug|ARM64.ActiveCfg = Debug|ARM64
		{89937D43-BA0B-47EE-BCAA-EFD767D8267E}.Debug|ARM64.Build.0 = Debug|ARM64
		{89937D43-BA0B-47EE-BCAA-EFD767D8267E}.Debug|ARM64.Deploy.0 = Debug|ARM64
		{89937D43-BA0B-47EE-BCAA-EFD767D8267E}.Debug|x64.ActiveCfg = Debug|x64
		{89937D43-BA0B-47EE-BCAA-EFD767D8267E}.Debug|x64.Build.0 = Debug|x64
		{89937D43-BA0B-47EE-BCAA-EFD767D8267E}.Debug|x64.Deploy.0 = Debug|x64
		{89937D43-BA0B-47EE-BCAA-EFD767D8267E}.Debug|x86.ActiveCfg = Debug|x86
		{89937D43-BA0B-47EE-BCAA-EFD767D8267E}.Debug|x86.Build.0 = Debug|x86
		{89937D43-BA0B-47EE-BCAA-EFD767D8267E}.Debug|x86.Deploy.0 = Debug|x86
		{89937D43-BA0B-47EE-BCAA-EFD767D8267E}.Release|Any CPU.ActiveCfg = Release|Any CPU
		{89937D43-BA0B-47EE-BCAA-EFD767D8267E}.Release|Any CPU.Build.0 = Release|Any CPU
		{89937D43-BA0B-47EE-BCAA-EFD767D8267E}.Release|Any CPU.Deploy.0 = Release|Any CPU
		{89937D43-BA0B-47EE-BCAA-EFD767D8267E}.Release|ARM.ActiveCfg = Release|ARM
		{89937D43-BA0B-47EE-BCAA-EFD767D8267E}.Release|ARM.Build.0 = Release|ARM
		{89937D43-BA0B-47EE-BCAA-EFD767D8267E}.Release|ARM.Deploy.0 = Release|ARM
		{89937D43-BA0B-47EE-BCAA-EFD767D8267E}.Release|ARM64.ActiveCfg = Release|ARM64
		{89937D43-BA0B-47EE-BCAA-EFD767D8267E}.Release|ARM64.Build.0 = Release|ARM64
		{89937D43-BA0B-47EE-BCAA-EFD767D8267E}.Release|ARM64.Deploy.0 = Release|ARM64
		{89937D43-BA0B-47EE-BCAA-EFD767D8267E}.Release|x64.ActiveCfg = Release|x64
		{89937D43-BA0B-47EE-BCAA-EFD767D8267E}.Release|x64.Build.0 = Release|x64
		{89937D43-BA0B-47EE-BCAA-EFD767D8267E}.Release|x64.Deploy.0 = Release|x64
		{89937D43-BA0B-47EE-BCAA-EFD767D8267E}.Release|x86.ActiveCfg = Release|x86
		{89937D43-BA0B-47EE-BCAA-EFD767D8267E}.Release|x86.Build.0 = Release|x86
		{89937D43-BA0B-47EE-BCAA-EFD767D8267E}.Release|x86.Deploy.0 = Release|x86
	EndGlobalSection
	GlobalSection(SolutionProperties) = preSolution
		HideSolutionNode = FALSE
	EndGlobalSection
	GlobalSection(ExtensibilityGlobals) = postSolution
		SolutionGuid = {6C20AF1B-9350-41C0-B83F-A63CFE50BC10}
	EndGlobalSection
EndGlobal
