
Microsoft Visual Studio Solution File, Format Version 12.00
# Visual Studio Version 16
VisualStudioVersion = 16.0.29920.165
MinimumVisualStudioVersion = 15.0.26124.0
Project("{9A19103F-16F7-4668-BE54-9A1E7A4F7556}") = "GSI", "GSI\GSI.csproj", "{E55D5B79-1144-4AF1-9FDE-603EA09665E4}"
EndProject
Project("{2150E333-8FDC-42A3-9474-1A3956D46DE8}") = "Solution Items", "Solution Items", "{ED8F6B0B-2486-400D-A021-A89F522E583C}"
	ProjectSection(SolutionItems) = preProject
		.github\workflows\ci-cd.yml = .github\workflows\ci-cd.yml
		README.md = README.md
		version.json = version.json
	EndProjectSection
EndProject
Project("{9A19103F-16F7-4668-BE54-9A1E7A4F7556}") = "UITest", "Test\UITest\UITest.csproj", "{ED5BBF2F-F255-4D49-A91F-7ECF498B22D2}"
EndProject
Project("{9A19103F-16F7-4668-BE54-9A1E7A4F7556}") = "SpectraFileParser", "SpectraFileParser\SpectraFileParser.csproj", "{B053EC13-F1B0-4673-BC8B-61F50A56E954}"
EndProject
Global
	GlobalSection(SolutionConfigurationPlatforms) = preSolution
		Debug|Any CPU = Debug|Any CPU
		Debug|ARM = Debug|ARM
		Debug|ARM64 = Debug|ARM64
		Debug|x64 = Debug|x64
		Debug|x86 = Debug|x86
		Release|Any CPU = Release|Any CPU
		Release|ARM = Release|ARM
		Release|ARM64 = Release|ARM64
		Release|x64 = Release|x64
		Release|x86 = Release|x86
	EndGlobalSection
	GlobalSection(ProjectConfigurationPlatforms) = postSolution
		{E55D5B79-1144-4AF1-9FDE-603EA09665E4}.Debug|Any CPU.ActiveCfg = Debug|Any CPU
		{E55D5B79-1144-4AF1-9FDE-603EA09665E4}.Debug|Any CPU.Build.0 = Debug|Any CPU
		{E55D5B79-1144-4AF1-9FDE-603EA09665E4}.Debug|ARM.ActiveCfg = Debug|Any CPU
		{E55D5B79-1144-4AF1-9FDE-603EA09665E4}.Debug|ARM.Build.0 = Debug|Any CPU
		{E55D5B79-1144-4AF1-9FDE-603EA09665E4}.Debug|ARM64.ActiveCfg = Debug|Any CPU
		{E55D5B79-1144-4AF1-9FDE-603EA09665E4}.Debug|ARM64.Build.0 = Debug|Any CPU
		{E55D5B79-1144-4AF1-9FDE-603EA09665E4}.Debug|x64.ActiveCfg = Debug|Any CPU
		{E55D5B79-1144-4AF1-9FDE-603EA09665E4}.Debug|x64.Build.0 = Debug|Any CPU
		{E55D5B79-1144-4AF1-9FDE-603EA09665E4}.Debug|x86.ActiveCfg = Debug|Any CPU
		{E55D5B79-1144-4AF1-9FDE-603EA09665E4}.Debug|x86.Build.0 = Debug|Any CPU
		{E55D5B79-1144-4AF1-9FDE-603EA09665E4}.Release|Any CPU.ActiveCfg = Release|Any CPU
		{E55D5B79-1144-4AF1-9FDE-603EA09665E4}.Release|Any CPU.Build.0 = Release|Any CPU
		{E55D5B79-1144-4AF1-9FDE-603EA09665E4}.Release|ARM.ActiveCfg = Release|Any CPU
		{E55D5B79-1144-4AF1-9FDE-603EA09665E4}.Release|ARM.Build.0 = Release|Any CPU
		{E55D5B79-1144-4AF1-9FDE-603EA09665E4}.Release|ARM64.ActiveCfg = Release|Any CPU
		{E55D5B79-1144-4AF1-9FDE-603EA09665E4}.Release|ARM64.Build.0 = Release|Any CPU
		{E55D5B79-1144-4AF1-9FDE-603EA09665E4}.Release|x64.ActiveCfg = Release|Any CPU
		{E55D5B79-1144-4AF1-9FDE-603EA09665E4}.Release|x64.Build.0 = Release|Any CPU
		{E55D5B79-1144-4AF1-9FDE-603EA09665E4}.Release|x86.ActiveCfg = Release|x86
		{E55D5B79-1144-4AF1-9FDE-603EA09665E4}.Release|x86.Build.0 = Release|x86
		{ED5BBF2F-F255-4D49-A91F-7ECF498B22D2}.Debug|Any CPU.ActiveCfg = Debug|Any CPU
		{ED5BBF2F-F255-4D49-A91F-7ECF498B22D2}.Debug|Any CPU.Build.0 = Debug|Any CPU
		{ED5BBF2F-F255-4D49-A91F-7ECF498B22D2}.Debug|ARM.ActiveCfg = Debug|Any CPU
		{ED5BBF2F-F255-4D49-A91F-7ECF498B22D2}.Debug|ARM.Build.0 = Debug|Any CPU
		{ED5BBF2F-F255-4D49-A91F-7ECF498B22D2}.Debug|ARM64.ActiveCfg = Debug|Any CPU
		{ED5BBF2F-F255-4D49-A91F-7ECF498B22D2}.Debug|ARM64.Build.0 = Debug|Any CPU
		{ED5BBF2F-F255-4D49-A91F-7ECF498B22D2}.Debug|x64.ActiveCfg = Debug|Any CPU
		{ED5BBF2F-F255-4D49-A91F-7ECF498B22D2}.Debug|x64.Build.0 = Debug|Any CPU
		{ED5BBF2F-F255-4D49-A91F-7ECF498B22D2}.Debug|x86.ActiveCfg = Debug|Any CPU
		{ED5BBF2F-F255-4D49-A91F-7ECF498B22D2}.Debug|x86.Build.0 = Debug|Any CPU
		{ED5BBF2F-F255-4D49-A91F-7ECF498B22D2}.Release|Any CPU.ActiveCfg = Release|Any CPU
		{ED5BBF2F-F255-4D49-A91F-7ECF498B22D2}.Release|Any CPU.Build.0 = Release|Any CPU
		{ED5BBF2F-F255-4D49-A91F-7ECF498B22D2}.Release|ARM.ActiveCfg = Release|Any CPU
		{ED5BBF2F-F255-4D49-A91F-7ECF498B22D2}.Release|ARM.Build.0 = Release|Any CPU
		{ED5BBF2F-F255-4D49-A91F-7ECF498B22D2}.Release|ARM64.ActiveCfg = Release|Any CPU
		{ED5BBF2F-F255-4D49-A91F-7ECF498B22D2}.Release|ARM64.Build.0 = Release|Any CPU
		{ED5BBF2F-F255-4D49-A91F-7ECF498B22D2}.Release|x64.ActiveCfg = Release|Any CPU
		{ED5BBF2F-F255-4D49-A91F-7ECF498B22D2}.Release|x64.Build.0 = Release|Any CPU
		{ED5BBF2F-F255-4D49-A91F-7ECF498B22D2}.Release|x86.ActiveCfg = Release|Any CPU
		{ED5BBF2F-F255-4D49-A91F-7ECF498B22D2}.Release|x86.Build.0 = Release|Any CPU
		{B053EC13-F1B0-4673-BC8B-61F50A56E954}.Debug|Any CPU.ActiveCfg = Debug|Any CPU
		{B053EC13-F1B0-4673-BC8B-61F50A56E954}.Debug|Any CPU.Build.0 = Debug|Any CPU
		{B053EC13-F1B0-4673-BC8B-61F50A56E954}.Debug|ARM.ActiveCfg = Debug|Any CPU
		{B053EC13-F1B0-4673-BC8B-61F50A56E954}.Debug|ARM.Build.0 = Debug|Any CPU
		{B053EC13-F1B0-4673-BC8B-61F50A56E954}.Debug|ARM64.ActiveCfg = Debug|Any CPU
		{B053EC13-F1B0-4673-BC8B-61F50A56E954}.Debug|ARM64.Build.0 = Debug|Any CPU
		{B053EC13-F1B0-4673-BC8B-61F50A56E954}.Debug|x64.ActiveCfg = Debug|Any CPU
		{B053EC13-F1B0-4673-BC8B-61F50A56E954}.Debug|x64.Build.0 = Debug|Any CPU
		{B053EC13-F1B0-4673-BC8B-61F50A56E954}.Debug|x86.ActiveCfg = Debug|Any CPU
		{B053EC13-F1B0-4673-BC8B-61F50A56E954}.Debug|x86.Build.0 = Debug|Any CPU
		{B053EC13-F1B0-4673-BC8B-61F50A56E954}.Release|Any CPU.ActiveCfg = Release|Any CPU
		{B053EC13-F1B0-4673-BC8B-61F50A56E954}.Release|Any CPU.Build.0 = Release|Any CPU
		{B053EC13-F1B0-4673-BC8B-61F50A56E954}.Release|ARM.ActiveCfg = Release|Any CPU
		{B053EC13-F1B0-4673-BC8B-61F50A56E954}.Release|ARM.Build.0 = Release|Any CPU
		{B053EC13-F1B0-4673-BC8B-61F50A56E954}.Release|ARM64.ActiveCfg = Release|Any CPU
		{B053EC13-F1B0-4673-BC8B-61F50A56E954}.Release|ARM64.Build.0 = Release|Any CPU
		{B053EC13-F1B0-4673-BC8B-61F50A56E954}.Release|x64.ActiveCfg = Release|Any CPU
		{B053EC13-F1B0-4673-BC8B-61F50A56E954}.Release|x64.Build.0 = Release|Any CPU
		{B053EC13-F1B0-4673-BC8B-61F50A56E954}.Release|x86.ActiveCfg = Release|Any CPU
		{B053EC13-F1B0-4673-BC8B-61F50A56E954}.Release|x86.Build.0 = Release|Any CPU
	EndGlobalSection
	GlobalSection(SolutionProperties) = preSolution
		HideSolutionNode = FALSE
	EndGlobalSection
	GlobalSection(ExtensibilityGlobals) = postSolution
		SolutionGuid = {6C20AF1B-9350-41C0-B83F-A63CFE50BC10}
	EndGlobalSection
EndGlobal
