
Microsoft Visual Studio Solution File, Format Version 12.00
# Visual Studio Version 16
VisualStudioVersion = 16.0.29920.165
MinimumVisualStudioVersion = 15.0.26124.0
Project("{9A19103F-16F7-4668-BE54-9A1E7A4F7556}") = "GSIcore", "GSIcore\GSIcore.csproj", "{7D5ADD28-E925-45DB-B911-1E6B2D5CE70A}"
EndProject
Project("{9A19103F-16F7-4668-BE54-9A1E7A4F7556}") = "GSItest", "GSItest\GSItest.csproj", "{0D32D9BA-B66C-4F75-B7CA-01AC5F67A543}"
EndProject
Project("{9A19103F-16F7-4668-BE54-9A1E7A4F7556}") = "GSIui", "GSIui\GSIui.csproj", "{E55D5B79-1144-4AF1-9FDE-603EA09665E4}"
EndProject
Project("{FAE04EC0-301F-11D3-BF4B-00C04F79EFBC}") = "GSIParallel", "GSIParallel\GSIParallel.csproj", "{70A2854D-3146-49B6-BF82-C9E4BF03D766}"
EndProject
Global
	GlobalSection(SolutionConfigurationPlatforms) = preSolution
		Debug|Any CPU = Debug|Any CPU
		Debug|x64 = Debug|x64
		Debug|x86 = Debug|x86
		Release|Any CPU = Release|Any CPU
		Release|x64 = Release|x64
		Release|x86 = Release|x86
	EndGlobalSection
	GlobalSection(ProjectConfigurationPlatforms) = postSolution
		{7D5ADD28-E925-45DB-B911-1E6B2D5CE70A}.Debug|Any CPU.ActiveCfg = Debug|Any CPU
		{7D5ADD28-E925-45DB-B911-1E6B2D5CE70A}.Debug|Any CPU.Build.0 = Debug|Any CPU
		{7D5ADD28-E925-45DB-B911-1E6B2D5CE70A}.Debug|x64.ActiveCfg = Debug|Any CPU
		{7D5ADD28-E925-45DB-B911-1E6B2D5CE70A}.Debug|x64.Build.0 = Debug|Any CPU
		{7D5ADD28-E925-45DB-B911-1E6B2D5CE70A}.Debug|x86.ActiveCfg = Debug|Any CPU
		{7D5ADD28-E925-45DB-B911-1E6B2D5CE70A}.Debug|x86.Build.0 = Debug|Any CPU
		{7D5ADD28-E925-45DB-B911-1E6B2D5CE70A}.Release|Any CPU.ActiveCfg = Release|Any CPU
		{7D5ADD28-E925-45DB-B911-1E6B2D5CE70A}.Release|Any CPU.Build.0 = Release|Any CPU
		{7D5ADD28-E925-45DB-B911-1E6B2D5CE70A}.Release|x64.ActiveCfg = Release|Any CPU
		{7D5ADD28-E925-45DB-B911-1E6B2D5CE70A}.Release|x64.Build.0 = Release|Any CPU
		{7D5ADD28-E925-45DB-B911-1E6B2D5CE70A}.Release|x86.ActiveCfg = Release|Any CPU
		{7D5ADD28-E925-45DB-B911-1E6B2D5CE70A}.Release|x86.Build.0 = Release|Any CPU
		{0D32D9BA-B66C-4F75-B7CA-01AC5F67A543}.Debug|Any CPU.ActiveCfg = Debug|Any CPU
		{0D32D9BA-B66C-4F75-B7CA-01AC5F67A543}.Debug|Any CPU.Build.0 = Debug|Any CPU
		{0D32D9BA-B66C-4F75-B7CA-01AC5F67A543}.Debug|x64.ActiveCfg = Debug|Any CPU
		{0D32D9BA-B66C-4F75-B7CA-01AC5F67A543}.Debug|x64.Build.0 = Debug|Any CPU
		{0D32D9BA-B66C-4F75-B7CA-01AC5F67A543}.Debug|x86.ActiveCfg = Debug|Any CPU
		{0D32D9BA-B66C-4F75-B7CA-01AC5F67A543}.Debug|x86.Build.0 = Debug|Any CPU
		{0D32D9BA-B66C-4F75-B7CA-01AC5F67A543}.Release|Any CPU.ActiveCfg = Release|Any CPU
		{0D32D9BA-B66C-4F75-B7CA-01AC5F67A543}.Release|Any CPU.Build.0 = Release|Any CPU
		{0D32D9BA-B66C-4F75-B7CA-01AC5F67A543}.Release|x64.ActiveCfg = Release|Any CPU
		{0D32D9BA-B66C-4F75-B7CA-01AC5F67A543}.Release|x64.Build.0 = Release|Any CPU
		{0D32D9BA-B66C-4F75-B7CA-01AC5F67A543}.Release|x86.ActiveCfg = Release|Any CPU
		{0D32D9BA-B66C-4F75-B7CA-01AC5F67A543}.Release|x86.Build.0 = Release|Any CPU
		{E55D5B79-1144-4AF1-9FDE-603EA09665E4}.Debug|Any CPU.ActiveCfg = Debug|Any CPU
		{E55D5B79-1144-4AF1-9FDE-603EA09665E4}.Debug|Any CPU.Build.0 = Debug|Any CPU
		{E55D5B79-1144-4AF1-9FDE-603EA09665E4}.Debug|x64.ActiveCfg = Debug|Any CPU
		{E55D5B79-1144-4AF1-9FDE-603EA09665E4}.Debug|x64.Build.0 = Debug|Any CPU
		{E55D5B79-1144-4AF1-9FDE-603EA09665E4}.Debug|x86.ActiveCfg = Debug|Any CPU
		{E55D5B79-1144-4AF1-9FDE-603EA09665E4}.Debug|x86.Build.0 = Debug|Any CPU
		{E55D5B79-1144-4AF1-9FDE-603EA09665E4}.Release|Any CPU.ActiveCfg = Release|Any CPU
		{E55D5B79-1144-4AF1-9FDE-603EA09665E4}.Release|Any CPU.Build.0 = Release|Any CPU
		{E55D5B79-1144-4AF1-9FDE-603EA09665E4}.Release|x64.ActiveCfg = Release|Any CPU
		{E55D5B79-1144-4AF1-9FDE-603EA09665E4}.Release|x64.Build.0 = Release|Any CPU
		{E55D5B79-1144-4AF1-9FDE-603EA09665E4}.Release|x86.ActiveCfg = Release|Any CPU
		{E55D5B79-1144-4AF1-9FDE-603EA09665E4}.Release|x86.Build.0 = Release|Any CPU
		{70A2854D-3146-49B6-BF82-C9E4BF03D766}.Debug|Any CPU.ActiveCfg = Debug|Any CPU
		{70A2854D-3146-49B6-BF82-C9E4BF03D766}.Debug|Any CPU.Build.0 = Debug|Any CPU
		{70A2854D-3146-49B6-BF82-C9E4BF03D766}.Debug|x64.ActiveCfg = Debug|Any CPU
		{70A2854D-3146-49B6-BF82-C9E4BF03D766}.Debug|x64.Build.0 = Debug|Any CPU
		{70A2854D-3146-49B6-BF82-C9E4BF03D766}.Debug|x86.ActiveCfg = Debug|Any CPU
		{70A2854D-3146-49B6-BF82-C9E4BF03D766}.Debug|x86.Build.0 = Debug|Any CPU
		{70A2854D-3146-49B6-BF82-C9E4BF03D766}.Release|Any CPU.ActiveCfg = Release|Any CPU
		{70A2854D-3146-49B6-BF82-C9E4BF03D766}.Release|Any CPU.Build.0 = Release|Any CPU
		{70A2854D-3146-49B6-BF82-C9E4BF03D766}.Release|x64.ActiveCfg = Release|Any CPU
		{70A2854D-3146-49B6-BF82-C9E4BF03D766}.Release|x64.Build.0 = Release|Any CPU
		{70A2854D-3146-49B6-BF82-C9E4BF03D766}.Release|x86.ActiveCfg = Release|Any CPU
		{70A2854D-3146-49B6-BF82-C9E4BF03D766}.Release|x86.Build.0 = Release|Any CPU
	EndGlobalSection
	GlobalSection(SolutionProperties) = preSolution
		HideSolutionNode = FALSE
	EndGlobalSection
	GlobalSection(ExtensibilityGlobals) = postSolution
		SolutionGuid = {6C20AF1B-9350-41C0-B83F-A63CFE50BC10}
	EndGlobalSection
EndGlobal
